
Microsoft Visual Studio Solution File, Format Version 12.00
# Visual Studio Version 17
VisualStudioVersion = 17.9.34701.34
MinimumVisualStudioVersion = 10.0.40219.1
Project("{9A19103F-16F7-4668-BE54-9A1E7A4F7556}") = "WL-Nionium", "WL-Nionium.csproj", "{A26C455B-F0AB-4D56-9E38-B3F65EFB20AE}"
EndProject
Global
	GlobalSection(SolutionConfigurationPlatforms) = preSolution
		Debug|Any CPU = Debug|Any CPU
		Release|Any CPU = Release|Any CPU
	EndGlobalSection
	GlobalSection(ProjectConfigurationPlatforms) = postSolution
		{A26C455B-F0AB-4D56-9E38-B3F65EFB20AE}.Debug|Any CPU.ActiveCfg = Debug|Any CPU
		{A26C455B-F0AB-4D56-9E38-B3F65EFB20AE}.Debug|Any CPU.Build.0 = Debug|Any CPU
		{A26C455B-F0AB-4D56-9E38-B3F65EFB20AE}.Release|Any CPU.ActiveCfg = Release|Any CPU
		{A26C455B-F0AB-4D56-9E38-B3F65EFB20AE}.Release|Any CPU.Build.0 = Release|Any CPU
	EndGlobalSection
	GlobalSection(SolutionProperties) = preSolution
		HideSolutionNode = FALSE
	EndGlobalSection
	GlobalSection(ExtensibilityGlobals) = postSolution
		SolutionGuid = {43A05B4C-25A7-4D1A-8DAB-6A090CCC7CA1}
	EndGlobalSection
EndGlobal
